
Microsoft Visual Studio Solution File, Format Version 12.00
# Visual Studio 15
VisualStudioVersion = 15.0.27130.2027
MinimumVisualStudioVersion = 10.0.40219.1
Project("{FAE04EC0-301F-11D3-BF4B-00C04F79EFBC}") = "InLineR", "InLineR\InLineR.csproj", "{6B200812-E11E-4F53-9546-5E032898B7CE}"
EndProject
Project("{FAE04EC0-301F-11D3-BF4B-00C04F79EFBC}") = "InlineRTester", "InlineRTester\InlineRTester.csproj", "{7507D625-B6B5-492F-8563-E51C28026AE4}"
EndProject
Project("{FAE04EC0-301F-11D3-BF4B-00C04F79EFBC}") = "RServeClient", "RServeClient\RServeClient.csproj", "{739A0988-98B4-4475-8006-612C3DD712BA}"
EndProject
Project("{FAE04EC0-301F-11D3-BF4B-00C04F79EFBC}") = "RserveCLI2", "RServeCLI2\RserveCLI2.csproj", "{9BCC1A07-126C-4B24-904A-C0F0D9DCC420}"
EndProject
Project("{9A19103F-16F7-4668-BE54-9A1E7A4F7556}") = "RScriptParser", "RScriptParser\RScriptParser.csproj", "{33840664-7F3C-42FA-87AA-1516AA3444C8}"
EndProject
Project("{FAE04EC0-301F-11D3-BF4B-00C04F79EFBC}") = "RTestHarness", "RTestHarness\RTestHarness.csproj", "{2985CA32-3AB7-4882-B44E-AACFA80889BC}"
EndProject
Global
	GlobalSection(SolutionConfigurationPlatforms) = preSolution
		Debug|Any CPU = Debug|Any CPU
		Release|Any CPU = Release|Any CPU
	EndGlobalSection
	GlobalSection(ProjectConfigurationPlatforms) = postSolution
		{6B200812-E11E-4F53-9546-5E032898B7CE}.Debug|Any CPU.ActiveCfg = Debug|Any CPU
		{6B200812-E11E-4F53-9546-5E032898B7CE}.Debug|Any CPU.Build.0 = Debug|Any CPU
		{6B200812-E11E-4F53-9546-5E032898B7CE}.Release|Any CPU.ActiveCfg = Release|Any CPU
		{6B200812-E11E-4F53-9546-5E032898B7CE}.Release|Any CPU.Build.0 = Release|Any CPU
		{7507D625-B6B5-492F-8563-E51C28026AE4}.Debug|Any CPU.ActiveCfg = Debug|Any CPU
		{7507D625-B6B5-492F-8563-E51C28026AE4}.Debug|Any CPU.Build.0 = Debug|Any CPU
		{7507D625-B6B5-492F-8563-E51C28026AE4}.Release|Any CPU.ActiveCfg = Release|Any CPU
		{7507D625-B6B5-492F-8563-E51C28026AE4}.Release|Any CPU.Build.0 = Release|Any CPU
		{739A0988-98B4-4475-8006-612C3DD712BA}.Debug|Any CPU.ActiveCfg = Debug|Any CPU
		{739A0988-98B4-4475-8006-612C3DD712BA}.Debug|Any CPU.Build.0 = Debug|Any CPU
		{739A0988-98B4-4475-8006-612C3DD712BA}.Release|Any CPU.ActiveCfg = Release|Any CPU
		{739A0988-98B4-4475-8006-612C3DD712BA}.Release|Any CPU.Build.0 = Release|Any CPU
		{9BCC1A07-126C-4B24-904A-C0F0D9DCC420}.Debug|Any CPU.ActiveCfg = Debug|Any CPU
		{9BCC1A07-126C-4B24-904A-C0F0D9DCC420}.Debug|Any CPU.Build.0 = Debug|Any CPU
		{9BCC1A07-126C-4B24-904A-C0F0D9DCC420}.Release|Any CPU.ActiveCfg = Release|Any CPU
		{9BCC1A07-126C-4B24-904A-C0F0D9DCC420}.Release|Any CPU.Build.0 = Release|Any CPU
		{33840664-7F3C-42FA-87AA-1516AA3444C8}.Debug|Any CPU.ActiveCfg = Debug|Any CPU
		{33840664-7F3C-42FA-87AA-1516AA3444C8}.Debug|Any CPU.Build.0 = Debug|Any CPU
		{33840664-7F3C-42FA-87AA-1516AA3444C8}.Release|Any CPU.ActiveCfg = Release|Any CPU
		{33840664-7F3C-42FA-87AA-1516AA3444C8}.Release|Any CPU.Build.0 = Release|Any CPU
		{2985CA32-3AB7-4882-B44E-AACFA80889BC}.Debug|Any CPU.ActiveCfg = Debug|Any CPU
		{2985CA32-3AB7-4882-B44E-AACFA80889BC}.Debug|Any CPU.Build.0 = Debug|Any CPU
		{2985CA32-3AB7-4882-B44E-AACFA80889BC}.Release|Any CPU.ActiveCfg = Release|Any CPU
		{2985CA32-3AB7-4882-B44E-AACFA80889BC}.Release|Any CPU.Build.0 = Release|Any CPU
	EndGlobalSection
	GlobalSection(SolutionProperties) = preSolution
		HideSolutionNode = FALSE
	EndGlobalSection
	GlobalSection(ExtensibilityGlobals) = postSolution
		SolutionGuid = {8994C0BD-B2D0-4FBB-B785-2357C065D86A}
	EndGlobalSection
EndGlobal
